// !$*UTF8*$!
{
	archiveVersion = 1;
	classes = {
	};
	objectVersion = 52;
	objects = {

/* Begin PBXBuildFile section */
		6D01E03623BFA2F900B558E8 /* LooksCollectionViewCell.swift in Sources */ = {isa = PBXBuildFile; fileRef = 6D01E03523BFA2F900B558E8 /* LooksCollectionViewCell.swift */; };
		6D01E03823BFA3D600B558E8 /* LooksCollectionDataSource.swift in Sources */ = {isa = PBXBuildFile; fileRef = 6D01E03723BFA3D600B558E8 /* LooksCollectionDataSource.swift */; };
		6D01E03A23BFC2FE00B558E8 /* AssetImageGenerator.swift in Sources */ = {isa = PBXBuildFile; fileRef = 6D01E03923BFC2FE00B558E8 /* AssetImageGenerator.swift */; };
		6D05022623B9154100036D60 /* VideoEditorViewController.swift in Sources */ = {isa = PBXBuildFile; fileRef = 6D05022523B9154100036D60 /* VideoEditorViewController.swift */; };
		6D0C29C123C28CA5006E7C40 /* App.swift in Sources */ = {isa = PBXBuildFile; fileRef = 6D0C29C023C28CA5006E7C40 /* App.swift */; };
		6D0C29C423C2A8C1006E7C40 /* AVAsset.swift in Sources */ = {isa = PBXBuildFile; fileRef = 6D0C29C323C2A8C1006E7C40 /* AVAsset.swift */; };
		6D154AAE23DC72F900150E0A /* Media.xcassets in Resources */ = {isa = PBXBuildFile; fileRef = 6D154AAD23DC72F900150E0A /* Media.xcassets */; };
		6D154AB023DC7A2A00150E0A /* Bundle.swift in Sources */ = {isa = PBXBuildFile; fileRef = 6D154AAF23DC7A2A00150E0A /* Bundle.swift */; };
		6D154AB223DC817100150E0A /* TestHelpers.swift in Sources */ = {isa = PBXBuildFile; fileRef = 6D154AB123DC817100150E0A /* TestHelpers.swift */; };
		6D17A7E123ABB39100C70542 /* AppDelegate.swift in Sources */ = {isa = PBXBuildFile; fileRef = 6D17A7E023ABB39100C70542 /* AppDelegate.swift */; };
		6D17A7E323ABB39100C70542 /* SceneDelegate.swift in Sources */ = {isa = PBXBuildFile; fileRef = 6D17A7E223ABB39100C70542 /* SceneDelegate.swift */; };
		6D17A7EA23ABB39600C70542 /* Assets.xcassets in Resources */ = {isa = PBXBuildFile; fileRef = 6D17A7E923ABB39600C70542 /* Assets.xcassets */; };
		6D17A7ED23ABB39600C70542 /* LaunchScreen.storyboard in Resources */ = {isa = PBXBuildFile; fileRef = 6D17A7EB23ABB39600C70542 /* LaunchScreen.storyboard */; };
		6D17A7F523ABB6E000C70542 /* HomeViewController.swift in Sources */ = {isa = PBXBuildFile; fileRef = 6D17A7F423ABB6E000C70542 /* HomeViewController.swift */; };
		6D19954623C7AA3C000A76B1 /* VideoEditer.swift in Sources */ = {isa = PBXBuildFile; fileRef = 6D19954523C7AA3C000A76B1 /* VideoEditer.swift */; };
		6D1D490B23D777F000ECACE5 /* BodyExportLabel.swift in Sources */ = {isa = PBXBuildFile; fileRef = 6D1D490A23D777F000ECACE5 /* BodyExportLabel.swift */; };
		6D1D490F23D7842F00ECACE5 /* MonochromeFilter.swift in Sources */ = {isa = PBXBuildFile; fileRef = 6D1D490E23D7842F00ECACE5 /* MonochromeFilter.swift */; };
		6D1D491123D785FB00ECACE5 /* ColorInvertFilter.swift in Sources */ = {isa = PBXBuildFile; fileRef = 6D1D491023D785FB00ECACE5 /* ColorInvertFilter.swift */; };
		6D1D491323D788B800ECACE5 /* HalfToneFilter.swift in Sources */ = {isa = PBXBuildFile; fileRef = 6D1D491223D788B800ECACE5 /* HalfToneFilter.swift */; };
		6D1D491523D78ADC00ECACE5 /* NoirFilter.swift in Sources */ = {isa = PBXBuildFile; fileRef = 6D1D491423D78ADC00ECACE5 /* NoirFilter.swift */; };
		6D1D491723D78C4A00ECACE5 /* ProcessFilter.swift in Sources */ = {isa = PBXBuildFile; fileRef = 6D1D491623D78C4A00ECACE5 /* ProcessFilter.swift */; };
		6D1D491923D78DA600ECACE5 /* RetroFilter.swift in Sources */ = {isa = PBXBuildFile; fileRef = 6D1D491823D78DA600ECACE5 /* RetroFilter.swift */; };
		6D1D491B23D78EDA00ECACE5 /* TonalFilter.swift in Sources */ = {isa = PBXBuildFile; fileRef = 6D1D491A23D78EDA00ECACE5 /* TonalFilter.swift */; };
		6D1D491D23D7903C00ECACE5 /* VintageFilter.swift in Sources */ = {isa = PBXBuildFile; fileRef = 6D1D491C23D7903C00ECACE5 /* VintageFilter.swift */; };
		6D1D491F23D791EC00ECACE5 /* MonoFilter.swift in Sources */ = {isa = PBXBuildFile; fileRef = 6D1D491E23D791EC00ECACE5 /* MonoFilter.swift */; };
		6D1D492123D793C500ECACE5 /* SepiaFilter.swift in Sources */ = {isa = PBXBuildFile; fileRef = 6D1D492023D793C500ECACE5 /* SepiaFilter.swift */; };
		6D1D492B23DB71EA00ECACE5 /* LooksCollectionDataSourceTests.swift in Sources */ = {isa = PBXBuildFile; fileRef = 6D1D492A23DB71EA00ECACE5 /* LooksCollectionDataSourceTests.swift */; };
		6D1D493323DC687200ECACE5 /* VideoBrowser.swift in Sources */ = {isa = PBXBuildFile; fileRef = 6D1D493223DC687200ECACE5 /* VideoBrowser.swift */; };
		6D2E412D23F04B0000B499F0 /* LooksViewControllerTests.swift in Sources */ = {isa = PBXBuildFile; fileRef = 6D2E412C23F04B0000B499F0 /* LooksViewControllerTests.swift */; };
		6D2E8A0323CA671A00917E25 /* TabBar.swift in Sources */ = {isa = PBXBuildFile; fileRef = 6D2E89FE23CA5AC700917E25 /* TabBar.swift */; };
		6D2E8A0423CA673A00917E25 /* TabBarItem.swift in Sources */ = {isa = PBXBuildFile; fileRef = 6D2E8A0023CA5DEA00917E25 /* TabBarItem.swift */; };
		6D3ED56A2403127C0072BC29 /* ParameterListViewSnapshotTests.swift in Sources */ = {isa = PBXBuildFile; fileRef = 6D3ED5692403127C0072BC29 /* ParameterListViewSnapshotTests.swift */; };
		6D3ED56D24031C990072BC29 /* ParameterListViewTests.swift in Sources */ = {isa = PBXBuildFile; fileRef = 6D3ED56C24031C990072BC29 /* ParameterListViewTests.swift */; };
		6D5EFEAB24269CE600FB5DC8 /* UILabel.swift in Sources */ = {isa = PBXBuildFile; fileRef = 6D5EFEAA24269CE600FB5DC8 /* UILabel.swift */; };
		6D65B44223F0403A0068F378 /* LookCollectionViewLayoutTests.swift in Sources */ = {isa = PBXBuildFile; fileRef = 6D65B44123F0403A0068F378 /* LookCollectionViewLayoutTests.swift */; };
		6D65B44423F044F00068F378 /* ToolsCollectionViewLayout.swift in Sources */ = {isa = PBXBuildFile; fileRef = 6D65B44323F044F00068F378 /* ToolsCollectionViewLayout.swift */; };
		6D66487723EDFC9C002AAF2E /* WaitExtension.swift in Sources */ = {isa = PBXBuildFile; fileRef = 6DBA80C923EC4433005A585E /* WaitExtension.swift */; };
		6D66487823EDFC9C002AAF2E /* ToolsViewControllerSnapshotTests.swift in Sources */ = {isa = PBXBuildFile; fileRef = 6DC05F9823EC337C00A96B76 /* ToolsViewControllerSnapshotTests.swift */; };
		6D66487923EDFC9C002AAF2E /* HomeViewControllerSnapshotTests.swift in Sources */ = {isa = PBXBuildFile; fileRef = 6DDFFB6D23EC281D00093675 /* HomeViewControllerSnapshotTests.swift */; };
		6D66487A23EDFC9C002AAF2E /* LooksCollectionViewCellSnapshotTests.swift in Sources */ = {isa = PBXBuildFile; fileRef = 6DBA80D923EDA839005A585E /* LooksCollectionViewCellSnapshotTests.swift */; };
		6D66487B23EDFC9C002AAF2E /* ToolsCollectionViewCellSnapshotTests.swift in Sources */ = {isa = PBXBuildFile; fileRef = 6DBA80D523EDA155005A585E /* ToolsCollectionViewCellSnapshotTests.swift */; };
		6D66487C23EDFC9C002AAF2E /* VideoEditorViewControllerSnapshotTests.swift in Sources */ = {isa = PBXBuildFile; fileRef = 6DC05F9B23EC350200A96B76 /* VideoEditorViewControllerSnapshotTests.swift */; };
		6D66487E23EDFD34002AAF2E /* Bundle.swift in Sources */ = {isa = PBXBuildFile; fileRef = 6D66487D23EDFD34002AAF2E /* Bundle.swift */; };
		6D66488123EDFE7B002AAF2E /* SnapshotTesting in Frameworks */ = {isa = PBXBuildFile; productRef = 6D66488023EDFE7B002AAF2E /* SnapshotTesting */; };
		6D73068423D06BE300226C77 /* SaveCopyVideoButton.swift in Sources */ = {isa = PBXBuildFile; fileRef = 6D73068323D06BE300226C77 /* SaveCopyVideoButton.swift */; };
		6D8BB64023F5B23D00BDF601 /* ToolsViewControllerTests.swift in Sources */ = {isa = PBXBuildFile; fileRef = 6D8BB63F23F5B23D00BDF601 /* ToolsViewControllerTests.swift */; };
		6D8C283C23F5FA8B008700C3 /* AdjustViewControllerSnapshotTests.swift in Sources */ = {isa = PBXBuildFile; fileRef = 6D8BB64323F5CFBC00BDF601 /* AdjustViewControllerSnapshotTests.swift */; };
		6D8C283D23F5FC88008700C3 /* AdjustmentsViewController.swift in Sources */ = {isa = PBXBuildFile; fileRef = 6D8BB64123F5B76E00BDF601 /* AdjustmentsViewController.swift */; };
		6D8C284123F601A1008700C3 /* ImageAsset.swift in Sources */ = {isa = PBXBuildFile; fileRef = 6D8C284023F601A1008700C3 /* ImageAsset.swift */; };
		6D8C284323F60697008700C3 /* String.swift in Sources */ = {isa = PBXBuildFile; fileRef = 6D8C284223F60697008700C3 /* String.swift */; };
		6D96B85023D08E5E00C1C6D5 /* HeaderExportLabel.swift in Sources */ = {isa = PBXBuildFile; fileRef = 6D96B84F23D08E5E00C1C6D5 /* HeaderExportLabel.swift */; };
		6D96B85323D090A300C1C6D5 /* ExportImageView.swift in Sources */ = {isa = PBXBuildFile; fileRef = 6D96B85223D090A300C1C6D5 /* ExportImageView.swift */; };
		6D96B85823D0969E00C1C6D5 /* LooksViewButton.swift in Sources */ = {isa = PBXBuildFile; fileRef = 6D96B85723D0969E00C1C6D5 /* LooksViewButton.swift */; };
		6DA0B27B23E719AC00D23CAD /* ToolsViewController.swift in Sources */ = {isa = PBXBuildFile; fileRef = 6DA0B27A23E719AC00D23CAD /* ToolsViewController.swift */; };
		6DA0B27D23E71A1000D23CAD /* ToolsCollectionDataSource.swift in Sources */ = {isa = PBXBuildFile; fileRef = 6DA0B27C23E71A1000D23CAD /* ToolsCollectionDataSource.swift */; };
		6DA0B28023E71A8900D23CAD /* ToolsCollectionViewCell.swift in Sources */ = {isa = PBXBuildFile; fileRef = 6DA0B27F23E71A8900D23CAD /* ToolsCollectionViewCell.swift */; };
		6DA974572402BC1B008BCDA8 /* ParameterListView.swift in Sources */ = {isa = PBXBuildFile; fileRef = 6DA974562402BC1B008BCDA8 /* ParameterListView.swift */; };
		6DB0698A23EE0EAE0088F4B7 /* LooksViewController.swift in Sources */ = {isa = PBXBuildFile; fileRef = 6DB0698923EE0EAE0088F4B7 /* LooksViewController.swift */; };
		6DB0698C23EE11460088F4B7 /* LooksViewControllerSnapshotTests.swift in Sources */ = {isa = PBXBuildFile; fileRef = 6DB0698B23EE11460088F4B7 /* LooksViewControllerSnapshotTests.swift */; };
		6DB0699323EF53400088F4B7 /* Media.xcassets in Resources */ = {isa = PBXBuildFile; fileRef = 6DB0699223EF53400088F4B7 /* Media.xcassets */; };
		6DB0699423EF53840088F4B7 /* videoTest.MOV in Resources */ = {isa = PBXBuildFile; fileRef = 6DBA80D123EC994A005A585E /* videoTest.MOV */; };
		6DB2BC5D2420192B00591D1C /* UIView.swift in Sources */ = {isa = PBXBuildFile; fileRef = 6DB2BC5C2420192B00591D1C /* UIView.swift */; };
		6DB6C13D23C4D65D00E256A4 /* SharpAndWarmFilter.swift in Sources */ = {isa = PBXBuildFile; fileRef = 6DB6C13C23C4D65D00E256A4 /* SharpAndWarmFilter.swift */; };
		6DB6C13F23C4D8A700E256A4 /* VignetteFilter.swift in Sources */ = {isa = PBXBuildFile; fileRef = 6DB6C13E23C4D8A700E256A4 /* VignetteFilter.swift */; };
		6DB6C14123C4E82C00E256A4 /* ClampFilter.swift in Sources */ = {isa = PBXBuildFile; fileRef = 6DB6C14023C4E82C00E256A4 /* ClampFilter.swift */; };
		6DB988BA23F1E0FC00F5F684 /* VideoEditorViewControllerTests.swift in Sources */ = {isa = PBXBuildFile; fileRef = 6DB988B923F1E0FC00F5F684 /* VideoEditorViewControllerTests.swift */; };
		6DB988BC23F1E20F00F5F684 /* videoTest.MOV in Resources */ = {isa = PBXBuildFile; fileRef = 6DB988BB23F1E20F00F5F684 /* videoTest.MOV */; };
		6DBA80D423ED931B005A585E /* LooksCollectionViewLayout.swift in Sources */ = {isa = PBXBuildFile; fileRef = 6DBA80D323ED931B005A585E /* LooksCollectionViewLayout.swift */; };
		6DBA80D823EDA2AC005A585E /* ToolsCollectionViewLayout.swift in Sources */ = {isa = PBXBuildFile; fileRef = 6DBA80D723EDA2AC005A585E /* ToolsCollectionViewLayout.swift */; };
		6DD4192D23F9A77B005A2706 /* VideoViewController.swift in Sources */ = {isa = PBXBuildFile; fileRef = 6DD4192C23F9A77B005A2706 /* VideoViewController.swift */; };
		6DD4193023F9A7FF005A2706 /* VideoViewControllerSnapshotTests.swift in Sources */ = {isa = PBXBuildFile; fileRef = 6DD4192F23F9A7FF005A2706 /* VideoViewControllerSnapshotTests.swift */; };
		6DD4193223F9AB05005A2706 /* videoTest.MOV in Resources */ = {isa = PBXBuildFile; fileRef = 6DD4193123F9AB05005A2706 /* videoTest.MOV */; };
		6DD4193423FA0395005A2706 /* videoTest.mp4 in Resources */ = {isa = PBXBuildFile; fileRef = 6DD4193323FA0394005A2706 /* videoTest.mp4 */; };
		6DDE026323C11659002D7942 /* VideoView.swift in Sources */ = {isa = PBXBuildFile; fileRef = 6DDE026223C11659002D7942 /* VideoView.swift */; };
		6DDE026523C12A44002D7942 /* Filter.swift in Sources */ = {isa = PBXBuildFile; fileRef = 6DDE026423C12A44002D7942 /* Filter.swift */; };
		6DDE026723C12A9D002D7942 /* PassthroughFilter.swift in Sources */ = {isa = PBXBuildFile; fileRef = 6DDE026623C12A9D002D7942 /* PassthroughFilter.swift */; };
		6DDE026A23C12B2A002D7942 /* BlurFilter.swift in Sources */ = {isa = PBXBuildFile; fileRef = 6DDE026923C12B2A002D7942 /* BlurFilter.swift */; };
		6DDFFB6B23E9D2CD00093675 /* ToolsCollectionDataSourceTests.swift in Sources */ = {isa = PBXBuildFile; fileRef = 6DDFFB6923E9CF2000093675 /* ToolsCollectionDataSourceTests.swift */; };
		6DE189FD23F2DE6A0018C944 /* Tool.swift in Sources */ = {isa = PBXBuildFile; fileRef = 6DE189FC23F2DE6A0018C944 /* Tool.swift */; };
		6DE189FF23F2DF130018C944 /* BrightTool.swift in Sources */ = {isa = PBXBuildFile; fileRef = 6DE189FE23F2DF130018C944 /* BrightTool.swift */; };
		6DE18A0123F2F4C00018C944 /* CropTool.swift in Sources */ = {isa = PBXBuildFile; fileRef = 6DE18A0023F2F4C00018C944 /* CropTool.swift */; };
		6DE18A0323F2F8790018C944 /* TuneColorTool.swift in Sources */ = {isa = PBXBuildFile; fileRef = 6DE18A0223F2F8790018C944 /* TuneColorTool.swift */; };
		6DE18A0523F2F8AE0018C944 /* SpeedUpTool.swift in Sources */ = {isa = PBXBuildFile; fileRef = 6DE18A0423F2F8AE0018C944 /* SpeedUpTool.swift */; };
		6DE18A0723F2F8D00018C944 /* SlowTool.swift in Sources */ = {isa = PBXBuildFile; fileRef = 6DE18A0623F2F8D00018C944 /* SlowTool.swift */; };
		6DE18A0923F2F9000018C944 /* CutTool.swift in Sources */ = {isa = PBXBuildFile; fileRef = 6DE18A0823F2F9000018C944 /* CutTool.swift */; };
		6DE18A0B23F2FAE40018C944 /* SharpenTool.swift in Sources */ = {isa = PBXBuildFile; fileRef = 6DE18A0A23F2FAE40018C944 /* SharpenTool.swift */; };
		6DE18A0D23F2FB180018C944 /* VignetteTool.swift in Sources */ = {isa = PBXBuildFile; fileRef = 6DE18A0C23F2FB180018C944 /* VignetteTool.swift */; };
		6DE18A0F23F2FC990018C944 /* ShadowsTool.swift in Sources */ = {isa = PBXBuildFile; fileRef = 6DE18A0E23F2FC990018C944 /* ShadowsTool.swift */; };
		6DE18A1123F300000018C944 /* ContrastTool.swift in Sources */ = {isa = PBXBuildFile; fileRef = 6DE18A1023F300000018C944 /* ContrastTool.swift */; };
		6DE18A1323F300640018C944 /* FadeTool.swift in Sources */ = {isa = PBXBuildFile; fileRef = 6DE18A1223F300640018C944 /* FadeTool.swift */; };
		6DE18A1523F300B00018C944 /* HighlightsTool.swift in Sources */ = {isa = PBXBuildFile; fileRef = 6DE18A1423F300B00018C944 /* HighlightsTool.swift */; };
		6DE18A1723F300EC0018C944 /* SaturationTool.swift in Sources */ = {isa = PBXBuildFile; fileRef = 6DE18A1623F300EC0018C944 /* SaturationTool.swift */; };
		6DE18A1923F301360018C944 /* TiltShiftTool.swift in Sources */ = {isa = PBXBuildFile; fileRef = 6DE18A1823F301360018C944 /* TiltShiftTool.swift */; };
		6DE18A1B23F301810018C944 /* WarmthTool.swift in Sources */ = {isa = PBXBuildFile; fileRef = 6DE18A1A23F301810018C944 /* WarmthTool.swift */; };
		6DEA248D23C2038B00D7595A /* ComicFilter.swift in Sources */ = {isa = PBXBuildFile; fileRef = 6DEA248C23C2038B00D7595A /* ComicFilter.swift */; };
		6DFF1AE023C3BEC7009BCAE2 /* OldFilmFilter.swift in Sources */ = {isa = PBXBuildFile; fileRef = 6DFF1ADF23C3BEC7009BCAE2 /* OldFilmFilter.swift */; };
/* End PBXBuildFile section */

/* Begin PBXContainerItemProxy section */
		6D1D492D23DB71EA00ECACE5 /* PBXContainerItemProxy */ = {
			isa = PBXContainerItemProxy;
			containerPortal = 6D17A7D523ABB39100C70542 /* Project object */;
			proxyType = 1;
			remoteGlobalIDString = 6D17A7DC23ABB39100C70542;
			remoteInfo = VideoTest;
		};
		6D66487223EDF9A5002AAF2E /* PBXContainerItemProxy */ = {
			isa = PBXContainerItemProxy;
			containerPortal = 6D17A7D523ABB39100C70542 /* Project object */;
			proxyType = 1;
			remoteGlobalIDString = 6D17A7DC23ABB39100C70542;
			remoteInfo = Snapvideo;
		};
/* End PBXContainerItemProxy section */

/* Begin PBXFileReference section */
		6D01E03523BFA2F900B558E8 /* LooksCollectionViewCell.swift */ = {isa = PBXFileReference; lastKnownFileType = sourcecode.swift; path = LooksCollectionViewCell.swift; sourceTree = "<group>"; };
		6D01E03723BFA3D600B558E8 /* LooksCollectionDataSource.swift */ = {isa = PBXFileReference; lastKnownFileType = sourcecode.swift; path = LooksCollectionDataSource.swift; sourceTree = "<group>"; };
		6D01E03923BFC2FE00B558E8 /* AssetImageGenerator.swift */ = {isa = PBXFileReference; lastKnownFileType = sourcecode.swift; path = AssetImageGenerator.swift; sourceTree = "<group>"; };
		6D05022523B9154100036D60 /* VideoEditorViewController.swift */ = {isa = PBXFileReference; lastKnownFileType = sourcecode.swift; path = VideoEditorViewController.swift; sourceTree = "<group>"; };
		6D0C29C023C28CA5006E7C40 /* App.swift */ = {isa = PBXFileReference; lastKnownFileType = sourcecode.swift; path = App.swift; sourceTree = "<group>"; };
		6D0C29C323C2A8C1006E7C40 /* AVAsset.swift */ = {isa = PBXFileReference; lastKnownFileType = sourcecode.swift; path = AVAsset.swift; sourceTree = "<group>"; };
		6D154AAD23DC72F900150E0A /* Media.xcassets */ = {isa = PBXFileReference; lastKnownFileType = folder.assetcatalog; path = Media.xcassets; sourceTree = "<group>"; };
		6D154AAF23DC7A2A00150E0A /* Bundle.swift */ = {isa = PBXFileReference; lastKnownFileType = sourcecode.swift; path = Bundle.swift; sourceTree = "<group>"; };
		6D154AB123DC817100150E0A /* TestHelpers.swift */ = {isa = PBXFileReference; lastKnownFileType = sourcecode.swift; path = TestHelpers.swift; sourceTree = "<group>"; };
		6D17A7DD23ABB39100C70542 /* Snapvideo.app */ = {isa = PBXFileReference; explicitFileType = wrapper.application; includeInIndex = 0; path = Snapvideo.app; sourceTree = BUILT_PRODUCTS_DIR; };
		6D17A7E023ABB39100C70542 /* AppDelegate.swift */ = {isa = PBXFileReference; lastKnownFileType = sourcecode.swift; path = AppDelegate.swift; sourceTree = "<group>"; };
		6D17A7E223ABB39100C70542 /* SceneDelegate.swift */ = {isa = PBXFileReference; lastKnownFileType = sourcecode.swift; path = SceneDelegate.swift; sourceTree = "<group>"; };
		6D17A7E923ABB39600C70542 /* Assets.xcassets */ = {isa = PBXFileReference; lastKnownFileType = folder.assetcatalog; path = Assets.xcassets; sourceTree = "<group>"; };
		6D17A7EC23ABB39600C70542 /* Base */ = {isa = PBXFileReference; lastKnownFileType = file.storyboard; name = Base; path = Base.lproj/LaunchScreen.storyboard; sourceTree = "<group>"; };
		6D17A7EE23ABB39600C70542 /* Info.plist */ = {isa = PBXFileReference; lastKnownFileType = text.plist.xml; path = Info.plist; sourceTree = "<group>"; };
		6D17A7F423ABB6E000C70542 /* HomeViewController.swift */ = {isa = PBXFileReference; lastKnownFileType = sourcecode.swift; path = HomeViewController.swift; sourceTree = "<group>"; };
		6D19954523C7AA3C000A76B1 /* VideoEditer.swift */ = {isa = PBXFileReference; lastKnownFileType = sourcecode.swift; path = VideoEditer.swift; sourceTree = "<group>"; };
		6D1D490A23D777F000ECACE5 /* BodyExportLabel.swift */ = {isa = PBXFileReference; lastKnownFileType = sourcecode.swift; path = BodyExportLabel.swift; sourceTree = "<group>"; };
		6D1D490E23D7842F00ECACE5 /* MonochromeFilter.swift */ = {isa = PBXFileReference; lastKnownFileType = sourcecode.swift; path = MonochromeFilter.swift; sourceTree = "<group>"; };
		6D1D491023D785FB00ECACE5 /* ColorInvertFilter.swift */ = {isa = PBXFileReference; lastKnownFileType = sourcecode.swift; path = ColorInvertFilter.swift; sourceTree = "<group>"; };
		6D1D491223D788B800ECACE5 /* HalfToneFilter.swift */ = {isa = PBXFileReference; lastKnownFileType = sourcecode.swift; path = HalfToneFilter.swift; sourceTree = "<group>"; };
		6D1D491423D78ADC00ECACE5 /* NoirFilter.swift */ = {isa = PBXFileReference; lastKnownFileType = sourcecode.swift; path = NoirFilter.swift; sourceTree = "<group>"; };
		6D1D491623D78C4A00ECACE5 /* ProcessFilter.swift */ = {isa = PBXFileReference; lastKnownFileType = sourcecode.swift; path = ProcessFilter.swift; sourceTree = "<group>"; };
		6D1D491823D78DA600ECACE5 /* RetroFilter.swift */ = {isa = PBXFileReference; lastKnownFileType = sourcecode.swift; path = RetroFilter.swift; sourceTree = "<group>"; };
		6D1D491A23D78EDA00ECACE5 /* TonalFilter.swift */ = {isa = PBXFileReference; lastKnownFileType = sourcecode.swift; path = TonalFilter.swift; sourceTree = "<group>"; };
		6D1D491C23D7903C00ECACE5 /* VintageFilter.swift */ = {isa = PBXFileReference; lastKnownFileType = sourcecode.swift; path = VintageFilter.swift; sourceTree = "<group>"; };
		6D1D491E23D791EC00ECACE5 /* MonoFilter.swift */ = {isa = PBXFileReference; lastKnownFileType = sourcecode.swift; path = MonoFilter.swift; sourceTree = "<group>"; };
		6D1D492023D793C500ECACE5 /* SepiaFilter.swift */ = {isa = PBXFileReference; lastKnownFileType = sourcecode.swift; path = SepiaFilter.swift; sourceTree = "<group>"; };
		6D1D492823DB71EA00ECACE5 /* UnitTests.xctest */ = {isa = PBXFileReference; explicitFileType = wrapper.cfbundle; includeInIndex = 0; path = UnitTests.xctest; sourceTree = BUILT_PRODUCTS_DIR; };
		6D1D492A23DB71EA00ECACE5 /* LooksCollectionDataSourceTests.swift */ = {isa = PBXFileReference; lastKnownFileType = sourcecode.swift; path = LooksCollectionDataSourceTests.swift; sourceTree = "<group>"; };
		6D1D492C23DB71EA00ECACE5 /* Info.plist */ = {isa = PBXFileReference; lastKnownFileType = text.plist.xml; path = Info.plist; sourceTree = "<group>"; };
		6D1D493223DC687200ECACE5 /* VideoBrowser.swift */ = {isa = PBXFileReference; fileEncoding = 4; lastKnownFileType = sourcecode.swift; path = VideoBrowser.swift; sourceTree = "<group>"; };
		6D2E412C23F04B0000B499F0 /* LooksViewControllerTests.swift */ = {isa = PBXFileReference; lastKnownFileType = sourcecode.swift; path = LooksViewControllerTests.swift; sourceTree = "<group>"; };
		6D2E89FE23CA5AC700917E25 /* TabBar.swift */ = {isa = PBXFileReference; lastKnownFileType = sourcecode.swift; path = TabBar.swift; sourceTree = "<group>"; };
		6D2E8A0023CA5DEA00917E25 /* TabBarItem.swift */ = {isa = PBXFileReference; lastKnownFileType = sourcecode.swift; path = TabBarItem.swift; sourceTree = "<group>"; };
		6D3ED5692403127C0072BC29 /* ParameterListViewSnapshotTests.swift */ = {isa = PBXFileReference; lastKnownFileType = sourcecode.swift; path = ParameterListViewSnapshotTests.swift; sourceTree = "<group>"; };
		6D3ED56C24031C990072BC29 /* ParameterListViewTests.swift */ = {isa = PBXFileReference; lastKnownFileType = sourcecode.swift; path = ParameterListViewTests.swift; sourceTree = "<group>"; };
		6D5EFEAA24269CE600FB5DC8 /* UILabel.swift */ = {isa = PBXFileReference; lastKnownFileType = sourcecode.swift; path = UILabel.swift; sourceTree = "<group>"; };
		6D65B44123F0403A0068F378 /* LookCollectionViewLayoutTests.swift */ = {isa = PBXFileReference; lastKnownFileType = sourcecode.swift; path = LookCollectionViewLayoutTests.swift; sourceTree = "<group>"; };
		6D65B44323F044F00068F378 /* ToolsCollectionViewLayout.swift */ = {isa = PBXFileReference; lastKnownFileType = sourcecode.swift; path = ToolsCollectionViewLayout.swift; sourceTree = "<group>"; };
		6D66486D23EDF9A5002AAF2E /* SnapshotTests.xctest */ = {isa = PBXFileReference; explicitFileType = wrapper.cfbundle; includeInIndex = 0; path = SnapshotTests.xctest; sourceTree = BUILT_PRODUCTS_DIR; };
		6D66487123EDF9A5002AAF2E /* Info.plist */ = {isa = PBXFileReference; lastKnownFileType = text.plist.xml; path = Info.plist; sourceTree = "<group>"; };
		6D66487D23EDFD34002AAF2E /* Bundle.swift */ = {isa = PBXFileReference; lastKnownFileType = sourcecode.swift; path = Bundle.swift; sourceTree = "<group>"; };
		6D73068323D06BE300226C77 /* SaveCopyVideoButton.swift */ = {isa = PBXFileReference; lastKnownFileType = sourcecode.swift; path = SaveCopyVideoButton.swift; sourceTree = "<group>"; };
		6D8BB63F23F5B23D00BDF601 /* ToolsViewControllerTests.swift */ = {isa = PBXFileReference; lastKnownFileType = sourcecode.swift; path = ToolsViewControllerTests.swift; sourceTree = "<group>"; };
		6D8BB64123F5B76E00BDF601 /* AdjustmentsViewController.swift */ = {isa = PBXFileReference; lastKnownFileType = sourcecode.swift; path = AdjustmentsViewController.swift; sourceTree = "<group>"; };
		6D8BB64323F5CFBC00BDF601 /* AdjustViewControllerSnapshotTests.swift */ = {isa = PBXFileReference; lastKnownFileType = sourcecode.swift; path = AdjustViewControllerSnapshotTests.swift; sourceTree = "<group>"; };
		6D8C284023F601A1008700C3 /* ImageAsset.swift */ = {isa = PBXFileReference; lastKnownFileType = sourcecode.swift; path = ImageAsset.swift; sourceTree = "<group>"; };
		6D8C284223F60697008700C3 /* String.swift */ = {isa = PBXFileReference; lastKnownFileType = sourcecode.swift; path = String.swift; sourceTree = "<group>"; };
		6D96B84F23D08E5E00C1C6D5 /* HeaderExportLabel.swift */ = {isa = PBXFileReference; lastKnownFileType = sourcecode.swift; path = HeaderExportLabel.swift; sourceTree = "<group>"; };
		6D96B85223D090A300C1C6D5 /* ExportImageView.swift */ = {isa = PBXFileReference; lastKnownFileType = sourcecode.swift; path = ExportImageView.swift; sourceTree = "<group>"; };
		6D96B85723D0969E00C1C6D5 /* LooksViewButton.swift */ = {isa = PBXFileReference; lastKnownFileType = sourcecode.swift; path = LooksViewButton.swift; sourceTree = "<group>"; };
		6DA0B27A23E719AC00D23CAD /* ToolsViewController.swift */ = {isa = PBXFileReference; lastKnownFileType = sourcecode.swift; path = ToolsViewController.swift; sourceTree = "<group>"; };
		6DA0B27C23E71A1000D23CAD /* ToolsCollectionDataSource.swift */ = {isa = PBXFileReference; lastKnownFileType = sourcecode.swift; path = ToolsCollectionDataSource.swift; sourceTree = "<group>"; };
		6DA0B27F23E71A8900D23CAD /* ToolsCollectionViewCell.swift */ = {isa = PBXFileReference; lastKnownFileType = sourcecode.swift; path = ToolsCollectionViewCell.swift; sourceTree = "<group>"; };
		6DA974562402BC1B008BCDA8 /* ParameterListView.swift */ = {isa = PBXFileReference; lastKnownFileType = sourcecode.swift; path = ParameterListView.swift; sourceTree = "<group>"; };
		6DB0698923EE0EAE0088F4B7 /* LooksViewController.swift */ = {isa = PBXFileReference; lastKnownFileType = sourcecode.swift; path = LooksViewController.swift; sourceTree = "<group>"; };
		6DB0698B23EE11460088F4B7 /* LooksViewControllerSnapshotTests.swift */ = {isa = PBXFileReference; lastKnownFileType = sourcecode.swift; path = LooksViewControllerSnapshotTests.swift; sourceTree = "<group>"; };
		6DB0699223EF53400088F4B7 /* Media.xcassets */ = {isa = PBXFileReference; lastKnownFileType = folder.assetcatalog; path = Media.xcassets; sourceTree = "<group>"; };
		6DB2BC5C2420192B00591D1C /* UIView.swift */ = {isa = PBXFileReference; lastKnownFileType = sourcecode.swift; path = UIView.swift; sourceTree = "<group>"; };
		6DB6C13C23C4D65D00E256A4 /* SharpAndWarmFilter.swift */ = {isa = PBXFileReference; lastKnownFileType = sourcecode.swift; path = SharpAndWarmFilter.swift; sourceTree = "<group>"; };
		6DB6C13E23C4D8A700E256A4 /* VignetteFilter.swift */ = {isa = PBXFileReference; lastKnownFileType = sourcecode.swift; path = VignetteFilter.swift; sourceTree = "<group>"; };
		6DB6C14023C4E82C00E256A4 /* ClampFilter.swift */ = {isa = PBXFileReference; lastKnownFileType = sourcecode.swift; path = ClampFilter.swift; sourceTree = "<group>"; };
		6DB988B923F1E0FC00F5F684 /* VideoEditorViewControllerTests.swift */ = {isa = PBXFileReference; lastKnownFileType = sourcecode.swift; path = VideoEditorViewControllerTests.swift; sourceTree = "<group>"; };
		6DB988BB23F1E20F00F5F684 /* videoTest.MOV */ = {isa = PBXFileReference; lastKnownFileType = video.quicktime; path = videoTest.MOV; sourceTree = "<group>"; };
		6DBA80C923EC4433005A585E /* WaitExtension.swift */ = {isa = PBXFileReference; lastKnownFileType = sourcecode.swift; path = WaitExtension.swift; sourceTree = "<group>"; };
		6DBA80D123EC994A005A585E /* videoTest.MOV */ = {isa = PBXFileReference; lastKnownFileType = video.quicktime; path = videoTest.MOV; sourceTree = "<group>"; };
		6DBA80D323ED931B005A585E /* LooksCollectionViewLayout.swift */ = {isa = PBXFileReference; lastKnownFileType = sourcecode.swift; path = LooksCollectionViewLayout.swift; sourceTree = "<group>"; };
		6DBA80D523EDA155005A585E /* ToolsCollectionViewCellSnapshotTests.swift */ = {isa = PBXFileReference; lastKnownFileType = sourcecode.swift; path = ToolsCollectionViewCellSnapshotTests.swift; sourceTree = "<group>"; };
		6DBA80D723EDA2AC005A585E /* ToolsCollectionViewLayout.swift */ = {isa = PBXFileReference; lastKnownFileType = sourcecode.swift; path = ToolsCollectionViewLayout.swift; sourceTree = "<group>"; };
		6DBA80D923EDA839005A585E /* LooksCollectionViewCellSnapshotTests.swift */ = {isa = PBXFileReference; lastKnownFileType = sourcecode.swift; path = LooksCollectionViewCellSnapshotTests.swift; sourceTree = "<group>"; };
		6DC05F9823EC337C00A96B76 /* ToolsViewControllerSnapshotTests.swift */ = {isa = PBXFileReference; lastKnownFileType = sourcecode.swift; path = ToolsViewControllerSnapshotTests.swift; sourceTree = "<group>"; };
		6DC05F9B23EC350200A96B76 /* VideoEditorViewControllerSnapshotTests.swift */ = {isa = PBXFileReference; lastKnownFileType = sourcecode.swift; path = VideoEditorViewControllerSnapshotTests.swift; sourceTree = "<group>"; };
		6DD4192C23F9A77B005A2706 /* VideoViewController.swift */ = {isa = PBXFileReference; lastKnownFileType = sourcecode.swift; path = VideoViewController.swift; sourceTree = "<group>"; };
		6DD4192F23F9A7FF005A2706 /* VideoViewControllerSnapshotTests.swift */ = {isa = PBXFileReference; lastKnownFileType = sourcecode.swift; path = VideoViewControllerSnapshotTests.swift; sourceTree = "<group>"; };
		6DD4193123F9AB05005A2706 /* videoTest.MOV */ = {isa = PBXFileReference; lastKnownFileType = video.quicktime; path = videoTest.MOV; sourceTree = "<group>"; };
		6DD4193323FA0394005A2706 /* videoTest.mp4 */ = {isa = PBXFileReference; lastKnownFileType = file; path = videoTest.mp4; sourceTree = "<group>"; };
		6DDE026223C11659002D7942 /* VideoView.swift */ = {isa = PBXFileReference; lastKnownFileType = sourcecode.swift; path = VideoView.swift; sourceTree = "<group>"; };
		6DDE026423C12A44002D7942 /* Filter.swift */ = {isa = PBXFileReference; lastKnownFileType = sourcecode.swift; path = Filter.swift; sourceTree = "<group>"; };
		6DDE026623C12A9D002D7942 /* PassthroughFilter.swift */ = {isa = PBXFileReference; lastKnownFileType = sourcecode.swift; path = PassthroughFilter.swift; sourceTree = "<group>"; };
		6DDE026923C12B2A002D7942 /* BlurFilter.swift */ = {isa = PBXFileReference; lastKnownFileType = sourcecode.swift; path = BlurFilter.swift; sourceTree = "<group>"; };
		6DDFFB6923E9CF2000093675 /* ToolsCollectionDataSourceTests.swift */ = {isa = PBXFileReference; lastKnownFileType = sourcecode.swift; path = ToolsCollectionDataSourceTests.swift; sourceTree = "<group>"; };
		6DDFFB6D23EC281D00093675 /* HomeViewControllerSnapshotTests.swift */ = {isa = PBXFileReference; lastKnownFileType = sourcecode.swift; path = HomeViewControllerSnapshotTests.swift; sourceTree = "<group>"; };
		6DE189FC23F2DE6A0018C944 /* Tool.swift */ = {isa = PBXFileReference; lastKnownFileType = sourcecode.swift; path = Tool.swift; sourceTree = "<group>"; };
		6DE189FE23F2DF130018C944 /* BrightTool.swift */ = {isa = PBXFileReference; lastKnownFileType = sourcecode.swift; path = BrightTool.swift; sourceTree = "<group>"; };
		6DE18A0023F2F4C00018C944 /* CropTool.swift */ = {isa = PBXFileReference; lastKnownFileType = sourcecode.swift; path = CropTool.swift; sourceTree = "<group>"; };
		6DE18A0223F2F8790018C944 /* TuneColorTool.swift */ = {isa = PBXFileReference; lastKnownFileType = sourcecode.swift; path = TuneColorTool.swift; sourceTree = "<group>"; };
		6DE18A0423F2F8AE0018C944 /* SpeedUpTool.swift */ = {isa = PBXFileReference; lastKnownFileType = sourcecode.swift; path = SpeedUpTool.swift; sourceTree = "<group>"; };
		6DE18A0623F2F8D00018C944 /* SlowTool.swift */ = {isa = PBXFileReference; lastKnownFileType = sourcecode.swift; path = SlowTool.swift; sourceTree = "<group>"; };
		6DE18A0823F2F9000018C944 /* CutTool.swift */ = {isa = PBXFileReference; lastKnownFileType = sourcecode.swift; path = CutTool.swift; sourceTree = "<group>"; };
		6DE18A0A23F2FAE40018C944 /* SharpenTool.swift */ = {isa = PBXFileReference; lastKnownFileType = sourcecode.swift; path = SharpenTool.swift; sourceTree = "<group>"; };
		6DE18A0C23F2FB180018C944 /* VignetteTool.swift */ = {isa = PBXFileReference; lastKnownFileType = sourcecode.swift; path = VignetteTool.swift; sourceTree = "<group>"; };
		6DE18A0E23F2FC990018C944 /* ShadowsTool.swift */ = {isa = PBXFileReference; lastKnownFileType = sourcecode.swift; path = ShadowsTool.swift; sourceTree = "<group>"; };
		6DE18A1023F300000018C944 /* ContrastTool.swift */ = {isa = PBXFileReference; lastKnownFileType = sourcecode.swift; path = ContrastTool.swift; sourceTree = "<group>"; };
		6DE18A1223F300640018C944 /* FadeTool.swift */ = {isa = PBXFileReference; lastKnownFileType = sourcecode.swift; path = FadeTool.swift; sourceTree = "<group>"; };
		6DE18A1423F300B00018C944 /* HighlightsTool.swift */ = {isa = PBXFileReference; lastKnownFileType = sourcecode.swift; path = HighlightsTool.swift; sourceTree = "<group>"; };
		6DE18A1623F300EC0018C944 /* SaturationTool.swift */ = {isa = PBXFileReference; lastKnownFileType = sourcecode.swift; path = SaturationTool.swift; sourceTree = "<group>"; };
		6DE18A1823F301360018C944 /* TiltShiftTool.swift */ = {isa = PBXFileReference; lastKnownFileType = sourcecode.swift; path = TiltShiftTool.swift; sourceTree = "<group>"; };
		6DE18A1A23F301810018C944 /* WarmthTool.swift */ = {isa = PBXFileReference; lastKnownFileType = sourcecode.swift; path = WarmthTool.swift; sourceTree = "<group>"; };
		6DEA248C23C2038B00D7595A /* ComicFilter.swift */ = {isa = PBXFileReference; lastKnownFileType = sourcecode.swift; path = ComicFilter.swift; sourceTree = "<group>"; };
		6DFF1ADF23C3BEC7009BCAE2 /* OldFilmFilter.swift */ = {isa = PBXFileReference; lastKnownFileType = sourcecode.swift; path = OldFilmFilter.swift; sourceTree = "<group>"; };
/* End PBXFileReference section */

/* Begin PBXFrameworksBuildPhase section */
		6D17A7DA23ABB39100C70542 /* Frameworks */ = {
			isa = PBXFrameworksBuildPhase;
			buildActionMask = 2147483647;
			files = (
			);
			runOnlyForDeploymentPostprocessing = 0;
		};
		6D1D492523DB71EA00ECACE5 /* Frameworks */ = {
			isa = PBXFrameworksBuildPhase;
			buildActionMask = 2147483647;
			files = (
			);
			runOnlyForDeploymentPostprocessing = 0;
		};
		6D66486A23EDF9A5002AAF2E /* Frameworks */ = {
			isa = PBXFrameworksBuildPhase;
			buildActionMask = 2147483647;
			files = (
				6D66488123EDFE7B002AAF2E /* SnapshotTesting in Frameworks */,
			);
			runOnlyForDeploymentPostprocessing = 0;
		};
/* End PBXFrameworksBuildPhase section */

/* Begin PBXGroup section */
		6D0C29C223C2A8B5006E7C40 /* Extenstions */ = {
			isa = PBXGroup;
			children = (
				6D0C29C323C2A8C1006E7C40 /* AVAsset.swift */,
				6D8C284223F60697008700C3 /* String.swift */,
				6D5EFEAA24269CE600FB5DC8 /* UILabel.swift */,
				6DB2BC5C2420192B00591D1C /* UIView.swift */,
			);
			path = Extenstions;
			sourceTree = "<group>";
		};
		6D17A7D423ABB39100C70542 = {
			isa = PBXGroup;
			children = (
				6D17A7DF23ABB39100C70542 /* Snapvideo */,
				6D1D492923DB71EA00ECACE5 /* UnitTests */,
				6D66486E23EDF9A5002AAF2E /* SnapshotTests */,
				6D17A7DE23ABB39100C70542 /* Products */,
				6DC05F9523EC30FA00A96B76 /* Frameworks */,
			);
			sourceTree = "<group>";
		};
		6D17A7DE23ABB39100C70542 /* Products */ = {
			isa = PBXGroup;
			children = (
				6D17A7DD23ABB39100C70542 /* Snapvideo.app */,
				6D1D492823DB71EA00ECACE5 /* UnitTests.xctest */,
				6D66486D23EDF9A5002AAF2E /* SnapshotTests.xctest */,
			);
			name = Products;
			sourceTree = "<group>";
		};
		6D17A7DF23ABB39100C70542 /* Snapvideo */ = {
			isa = PBXGroup;
			children = (
				6DA974552402BB95008BCDA8 /* Adjustments */,
				6D2E8A0523CA6F9400917E25 /* Assets */,
				6D0C29C223C2A8B5006E7C40 /* Extenstions */,
				6DDE026823C12B0A002D7942 /* Filters */,
				6D9874AC23CB9DBA00EC83DC /* LooksCollection */,
				6D2E8A0223CA65BD00917E25 /* TabBar */,
				6DE189FB23F2DE3A0018C944 /* Tools */,
				6DA0B27E23E71A2600D23CAD /* ToolsCollection */,
				6D9874AD23CB9F0100EC83DC /* VideoEditingHelpers */,
				6D17A80523AD4EB100C70542 /* VideoEditor */,
				6D0C29C023C28CA5006E7C40 /* App.swift */,
				6D17A7E023ABB39100C70542 /* AppDelegate.swift */,
				6D17A7F423ABB6E000C70542 /* HomeViewController.swift */,
				6D8C284023F601A1008700C3 /* ImageAsset.swift */,
				6D17A7EE23ABB39600C70542 /* Info.plist */,
				6D17A7E223ABB39100C70542 /* SceneDelegate.swift */,
			);
			path = Snapvideo;
			sourceTree = "<group>";
		};
		6D17A80523AD4EB100C70542 /* VideoEditor */ = {
			isa = PBXGroup;
			children = (
				6D96B85123D08FD600C1C6D5 /* ExportViewСomponents */,
				6D96B85423D0960000C1C6D5 /* LooksViewСomponents */,
				6D05022523B9154100036D60 /* VideoEditorViewController.swift */,
				6DD4192C23F9A77B005A2706 /* VideoViewController.swift */,
				6D19954523C7AA3C000A76B1 /* VideoEditer.swift */,
				6DDE026223C11659002D7942 /* VideoView.swift */,
			);
			path = VideoEditor;
			sourceTree = "<group>";
		};
		6D1D492923DB71EA00ECACE5 /* UnitTests */ = {
			isa = PBXGroup;
			children = (
				6D3ED56B24031C850072BC29 /* Adjustments */,
				6DC05F9F23EC3B7400A96B76 /* Assets */,
				6D66488223EE01DF002AAF2E /* LooksCollection */,
				6D66488323EE0204002AAF2E /* ToolsCollection */,
				6DB988B823F1E0B800F5F684 /* VideoEditor */,
				6D154AAF23DC7A2A00150E0A /* Bundle.swift */,
				6D1D492C23DB71EA00ECACE5 /* Info.plist */,
				6D154AB123DC817100150E0A /* TestHelpers.swift */,
			);
			path = UnitTests;
			sourceTree = "<group>";
		};
		6D2E8A0223CA65BD00917E25 /* TabBar */ = {
			isa = PBXGroup;
			children = (
				6D2E89FE23CA5AC700917E25 /* TabBar.swift */,
				6D2E8A0023CA5DEA00917E25 /* TabBarItem.swift */,
			);
			path = TabBar;
			sourceTree = "<group>";
		};
		6D2E8A0523CA6F9400917E25 /* Assets */ = {
			isa = PBXGroup;
			children = (
				6D17A7E923ABB39600C70542 /* Assets.xcassets */,
				6D17A7EB23ABB39600C70542 /* LaunchScreen.storyboard */,
				6DD4193123F9AB05005A2706 /* videoTest.MOV */,
			);
			path = Assets;
			sourceTree = "<group>";
		};
		6D3ED568240312670072BC29 /* Adjustments */ = {
			isa = PBXGroup;
			children = (
				6D8BB64323F5CFBC00BDF601 /* AdjustViewControllerSnapshotTests.swift */,
				6D3ED5692403127C0072BC29 /* ParameterListViewSnapshotTests.swift */,
			);
			path = Adjustments;
			sourceTree = "<group>";
		};
		6D3ED56B24031C850072BC29 /* Adjustments */ = {
			isa = PBXGroup;
			children = (
				6D3ED56C24031C990072BC29 /* ParameterListViewTests.swift */,
			);
			path = Adjustments;
			sourceTree = "<group>";
		};
		6D66486E23EDF9A5002AAF2E /* SnapshotTests */ = {
			isa = PBXGroup;
			children = (
				6D3ED568240312670072BC29 /* Adjustments */,
				6DB0699123EF53310088F4B7 /* Assets */,
				6D66488423EE02CC002AAF2E /* LooksCollection */,
				6D66488523EE02DA002AAF2E /* ToolsCollection */,
				6D66488623EE02EC002AAF2E /* VideoEditor */,
				6DDFFB6D23EC281D00093675 /* HomeViewControllerSnapshotTests.swift */,
				6DD4192F23F9A7FF005A2706 /* VideoViewControllerSnapshotTests.swift */,
				6D66487D23EDFD34002AAF2E /* Bundle.swift */,
				6D66487123EDF9A5002AAF2E /* Info.plist */,
				6DBA80C923EC4433005A585E /* WaitExtension.swift */,
			);
			path = SnapshotTests;
			sourceTree = "<group>";
		};
		6D66488223EE01DF002AAF2E /* LooksCollection */ = {
			isa = PBXGroup;
			children = (
				6D1D492A23DB71EA00ECACE5 /* LooksCollectionDataSourceTests.swift */,
				6D65B44123F0403A0068F378 /* LookCollectionViewLayoutTests.swift */,
				6D2E412C23F04B0000B499F0 /* LooksViewControllerTests.swift */,
			);
			path = LooksCollection;
			sourceTree = "<group>";
		};
		6D66488323EE0204002AAF2E /* ToolsCollection */ = {
			isa = PBXGroup;
			children = (
				6DDFFB6923E9CF2000093675 /* ToolsCollectionDataSourceTests.swift */,
				6D8BB63F23F5B23D00BDF601 /* ToolsViewControllerTests.swift */,
				6D65B44323F044F00068F378 /* ToolsCollectionViewLayout.swift */,
			);
			path = ToolsCollection;
			sourceTree = "<group>";
		};
		6D66488423EE02CC002AAF2E /* LooksCollection */ = {
			isa = PBXGroup;
			children = (
				6DBA80D923EDA839005A585E /* LooksCollectionViewCellSnapshotTests.swift */,
				6DB0698B23EE11460088F4B7 /* LooksViewControllerSnapshotTests.swift */,
			);
			path = LooksCollection;
			sourceTree = "<group>";
		};
		6D66488523EE02DA002AAF2E /* ToolsCollection */ = {
			isa = PBXGroup;
			children = (
				6DBA80D523EDA155005A585E /* ToolsCollectionViewCellSnapshotTests.swift */,
				6DC05F9823EC337C00A96B76 /* ToolsViewControllerSnapshotTests.swift */,
			);
			path = ToolsCollection;
			sourceTree = "<group>";
		};
		6D66488623EE02EC002AAF2E /* VideoEditor */ = {
			isa = PBXGroup;
			children = (
				6DC05F9B23EC350200A96B76 /* VideoEditorViewControllerSnapshotTests.swift */,
			);
			path = VideoEditor;
			sourceTree = "<group>";
		};
		6D96B85123D08FD600C1C6D5 /* ExportViewСomponents */ = {
			isa = PBXGroup;
			children = (
				6D1D490A23D777F000ECACE5 /* BodyExportLabel.swift */,
				6D96B85223D090A300C1C6D5 /* ExportImageView.swift */,
				6D96B84F23D08E5E00C1C6D5 /* HeaderExportLabel.swift */,
				6D73068323D06BE300226C77 /* SaveCopyVideoButton.swift */,
			);
			path = "ExportViewСomponents";
			sourceTree = "<group>";
		};
		6D96B85423D0960000C1C6D5 /* LooksViewСomponents */ = {
			isa = PBXGroup;
			children = (
				6D96B85723D0969E00C1C6D5 /* LooksViewButton.swift */,
			);
			path = "LooksViewСomponents";
			sourceTree = "<group>";
		};
		6D9874AC23CB9DBA00EC83DC /* LooksCollection */ = {
			isa = PBXGroup;
			children = (
				6D01E03723BFA3D600B558E8 /* LooksCollectionDataSource.swift */,
				6D01E03523BFA2F900B558E8 /* LooksCollectionViewCell.swift */,
				6DBA80D323ED931B005A585E /* LooksCollectionViewLayout.swift */,
				6DB0698923EE0EAE0088F4B7 /* LooksViewController.swift */,
			);
			path = LooksCollection;
			sourceTree = "<group>";
		};
		6D9874AD23CB9F0100EC83DC /* VideoEditingHelpers */ = {
			isa = PBXGroup;
			children = (
				6D01E03923BFC2FE00B558E8 /* AssetImageGenerator.swift */,
				6D1D493223DC687200ECACE5 /* VideoBrowser.swift */,
			);
			path = VideoEditingHelpers;
			sourceTree = "<group>";
		};
		6DA0B27E23E71A2600D23CAD /* ToolsCollection */ = {
			isa = PBXGroup;
			children = (
				6DA0B27C23E71A1000D23CAD /* ToolsCollectionDataSource.swift */,
				6DA0B27F23E71A8900D23CAD /* ToolsCollectionViewCell.swift */,
				6DBA80D723EDA2AC005A585E /* ToolsCollectionViewLayout.swift */,
				6DA0B27A23E719AC00D23CAD /* ToolsViewController.swift */,
			);
			path = ToolsCollection;
			sourceTree = "<group>";
		};
		6DA974552402BB95008BCDA8 /* Adjustments */ = {
			isa = PBXGroup;
			children = (
				6D8BB64123F5B76E00BDF601 /* AdjustmentsViewController.swift */,
				6DA974562402BC1B008BCDA8 /* ParameterListView.swift */,
			);
			path = Adjustments;
			sourceTree = "<group>";
		};
		6DB0699123EF53310088F4B7 /* Assets */ = {
			isa = PBXGroup;
			children = (
				6DB0699223EF53400088F4B7 /* Media.xcassets */,
				6DBA80D123EC994A005A585E /* videoTest.MOV */,
				6DD4193323FA0394005A2706 /* videoTest.mp4 */,
			);
			path = Assets;
			sourceTree = "<group>";
		};
		6DB988B823F1E0B800F5F684 /* VideoEditor */ = {
			isa = PBXGroup;
			children = (
				6DB988B923F1E0FC00F5F684 /* VideoEditorViewControllerTests.swift */,
			);
			path = VideoEditor;
			sourceTree = "<group>";
		};
		6DC05F9523EC30FA00A96B76 /* Frameworks */ = {
			isa = PBXGroup;
			children = (
			);
			name = Frameworks;
			sourceTree = "<group>";
		};
		6DC05F9F23EC3B7400A96B76 /* Assets */ = {
			isa = PBXGroup;
			children = (
				6DB988BB23F1E20F00F5F684 /* videoTest.MOV */,
				6D154AAD23DC72F900150E0A /* Media.xcassets */,
			);
			path = Assets;
			sourceTree = "<group>";
		};
		6DDE026823C12B0A002D7942 /* Filters */ = {
			isa = PBXGroup;
			children = (
				6DDE026923C12B2A002D7942 /* BlurFilter.swift */,
				6DB6C14023C4E82C00E256A4 /* ClampFilter.swift */,
				6D1D491023D785FB00ECACE5 /* ColorInvertFilter.swift */,
				6DEA248C23C2038B00D7595A /* ComicFilter.swift */,
				6DDE026423C12A44002D7942 /* Filter.swift */,
				6D1D491223D788B800ECACE5 /* HalfToneFilter.swift */,
				6D1D490E23D7842F00ECACE5 /* MonochromeFilter.swift */,
				6D1D491E23D791EC00ECACE5 /* MonoFilter.swift */,
				6D1D491423D78ADC00ECACE5 /* NoirFilter.swift */,
				6DFF1ADF23C3BEC7009BCAE2 /* OldFilmFilter.swift */,
				6DDE026623C12A9D002D7942 /* PassthroughFilter.swift */,
				6D1D491623D78C4A00ECACE5 /* ProcessFilter.swift */,
				6D1D491823D78DA600ECACE5 /* RetroFilter.swift */,
				6D1D492023D793C500ECACE5 /* SepiaFilter.swift */,
				6DB6C13C23C4D65D00E256A4 /* SharpAndWarmFilter.swift */,
				6D1D491A23D78EDA00ECACE5 /* TonalFilter.swift */,
				6DB6C13E23C4D8A700E256A4 /* VignetteFilter.swift */,
				6D1D491C23D7903C00ECACE5 /* VintageFilter.swift */,
			);
			path = Filters;
			sourceTree = "<group>";
		};
		6DE189FB23F2DE3A0018C944 /* Tools */ = {
			isa = PBXGroup;
			children = (
				6DE189FE23F2DF130018C944 /* BrightTool.swift */,
				6DE18A1023F300000018C944 /* ContrastTool.swift */,
				6DE18A0023F2F4C00018C944 /* CropTool.swift */,
				6DE18A0823F2F9000018C944 /* CutTool.swift */,
				6DE18A1223F300640018C944 /* FadeTool.swift */,
				6DE18A1423F300B00018C944 /* HighlightsTool.swift */,
				6DE18A1623F300EC0018C944 /* SaturationTool.swift */,
				6DE18A0E23F2FC990018C944 /* ShadowsTool.swift */,
				6DE18A0A23F2FAE40018C944 /* SharpenTool.swift */,
				6DE18A0623F2F8D00018C944 /* SlowTool.swift */,
				6DE18A0423F2F8AE0018C944 /* SpeedUpTool.swift */,
				6DE18A1823F301360018C944 /* TiltShiftTool.swift */,
				6DE189FC23F2DE6A0018C944 /* Tool.swift */,
				6DE18A0223F2F8790018C944 /* TuneColorTool.swift */,
				6DE18A0C23F2FB180018C944 /* VignetteTool.swift */,
				6DE18A1A23F301810018C944 /* WarmthTool.swift */,
			);
			path = Tools;
			sourceTree = "<group>";
		};
/* End PBXGroup section */

/* Begin PBXNativeTarget section */
		6D17A7DC23ABB39100C70542 /* Snapvideo */ = {
			isa = PBXNativeTarget;
			buildConfigurationList = 6D17A7F123ABB39600C70542 /* Build configuration list for PBXNativeTarget "Snapvideo" */;
			buildPhases = (
				6D17A7D923ABB39100C70542 /* Sources */,
				6D17A7DA23ABB39100C70542 /* Frameworks */,
				6D17A7DB23ABB39100C70542 /* Resources */,
			);
			buildRules = (
			);
			dependencies = (
			);
			name = Snapvideo;
			productName = VideoTest;
			productReference = 6D17A7DD23ABB39100C70542 /* Snapvideo.app */;
			productType = "com.apple.product-type.application";
		};
		6D1D492723DB71EA00ECACE5 /* UnitTests */ = {
			isa = PBXNativeTarget;
			buildConfigurationList = 6D1D493123DB71EA00ECACE5 /* Build configuration list for PBXNativeTarget "UnitTests" */;
			buildPhases = (
				6D1D492423DB71EA00ECACE5 /* Sources */,
				6D1D492523DB71EA00ECACE5 /* Frameworks */,
				6D1D492623DB71EA00ECACE5 /* Resources */,
			);
			buildRules = (
			);
			dependencies = (
				6D1D492E23DB71EA00ECACE5 /* PBXTargetDependency */,
			);
			name = UnitTests;
			packageProductDependencies = (
			);
			productName = VideoTestTests;
			productReference = 6D1D492823DB71EA00ECACE5 /* UnitTests.xctest */;
			productType = "com.apple.product-type.bundle.unit-test";
		};
		6D66486C23EDF9A5002AAF2E /* SnapshotTests */ = {
			isa = PBXNativeTarget;
			buildConfigurationList = 6D66487623EDF9A5002AAF2E /* Build configuration list for PBXNativeTarget "SnapshotTests" */;
			buildPhases = (
				6D66486923EDF9A5002AAF2E /* Sources */,
				6D66486A23EDF9A5002AAF2E /* Frameworks */,
				6D66486B23EDF9A5002AAF2E /* Resources */,
			);
			buildRules = (
			);
			dependencies = (
				6D66487323EDF9A5002AAF2E /* PBXTargetDependency */,
			);
			name = SnapshotTests;
			packageProductDependencies = (
				6D66488023EDFE7B002AAF2E /* SnapshotTesting */,
			);
			productName = SnapshotTests;
			productReference = 6D66486D23EDF9A5002AAF2E /* SnapshotTests.xctest */;
			productType = "com.apple.product-type.bundle.unit-test";
		};
/* End PBXNativeTarget section */

/* Begin PBXProject section */
		6D17A7D523ABB39100C70542 /* Project object */ = {
			isa = PBXProject;
			attributes = {
				LastSwiftUpdateCheck = 1130;
				LastUpgradeCheck = 1130;
				ORGANIZATIONNAME = "Anastasia Petrova";
				TargetAttributes = {
					6D17A7DC23ABB39100C70542 = {
						CreatedOnToolsVersion = 11.3;
					};
					6D1D492723DB71EA00ECACE5 = {
						CreatedOnToolsVersion = 11.3;
						TestTargetID = 6D17A7DC23ABB39100C70542;
					};
					6D66486C23EDF9A5002AAF2E = {
						CreatedOnToolsVersion = 11.3;
						TestTargetID = 6D17A7DC23ABB39100C70542;
					};
				};
			};
			buildConfigurationList = 6D17A7D823ABB39100C70542 /* Build configuration list for PBXProject "Snapvideo" */;
			compatibilityVersion = "Xcode 9.3";
			developmentRegion = en;
			hasScannedForEncodings = 0;
			knownRegions = (
				en,
				Base,
			);
			mainGroup = 6D17A7D423ABB39100C70542;
			packageReferences = (
				6D66487F23EDFE7B002AAF2E /* XCRemoteSwiftPackageReference "swift-snapshot-testing" */,
			);
			productRefGroup = 6D17A7DE23ABB39100C70542 /* Products */;
			projectDirPath = "";
			projectRoot = "";
			targets = (
				6D17A7DC23ABB39100C70542 /* Snapvideo */,
				6D1D492723DB71EA00ECACE5 /* UnitTests */,
				6D66486C23EDF9A5002AAF2E /* SnapshotTests */,
			);
		};
/* End PBXProject section */

/* Begin PBXResourcesBuildPhase section */
		6D17A7DB23ABB39100C70542 /* Resources */ = {
			isa = PBXResourcesBuildPhase;
			buildActionMask = 2147483647;
			files = (
				6D17A7ED23ABB39600C70542 /* LaunchScreen.storyboard in Resources */,
				6D17A7EA23ABB39600C70542 /* Assets.xcassets in Resources */,
				6DD4193223F9AB05005A2706 /* videoTest.MOV in Resources */,
			);
			runOnlyForDeploymentPostprocessing = 0;
		};
		6D1D492623DB71EA00ECACE5 /* Resources */ = {
			isa = PBXResourcesBuildPhase;
			buildActionMask = 2147483647;
			files = (
				6DB988BC23F1E20F00F5F684 /* videoTest.MOV in Resources */,
				6D154AAE23DC72F900150E0A /* Media.xcassets in Resources */,
			);
			runOnlyForDeploymentPostprocessing = 0;
		};
		6D66486B23EDF9A5002AAF2E /* Resources */ = {
			isa = PBXResourcesBuildPhase;
			buildActionMask = 2147483647;
			files = (
				6DB0699423EF53840088F4B7 /* videoTest.MOV in Resources */,
				6DB0699323EF53400088F4B7 /* Media.xcassets in Resources */,
				6DD4193423FA0395005A2706 /* videoTest.mp4 in Resources */,
			);
			runOnlyForDeploymentPostprocessing = 0;
		};
/* End PBXResourcesBuildPhase section */

/* Begin PBXSourcesBuildPhase section */
		6D17A7D923ABB39100C70542 /* Sources */ = {
			isa = PBXSourcesBuildPhase;
			buildActionMask = 2147483647;
			files = (
				6DB2BC5D2420192B00591D1C /* UIView.swift in Sources */,
				6DBA80D823EDA2AC005A585E /* ToolsCollectionViewLayout.swift in Sources */,
				6DDE026723C12A9D002D7942 /* PassthroughFilter.swift in Sources */,
				6D01E03A23BFC2FE00B558E8 /* AssetImageGenerator.swift in Sources */,
				6DE189FD23F2DE6A0018C944 /* Tool.swift in Sources */,
				6D8C284323F60697008700C3 /* String.swift in Sources */,
				6DE18A0923F2F9000018C944 /* CutTool.swift in Sources */,
				6D1D493323DC687200ECACE5 /* VideoBrowser.swift in Sources */,
				6DDE026A23C12B2A002D7942 /* BlurFilter.swift in Sources */,
				6D96B85023D08E5E00C1C6D5 /* HeaderExportLabel.swift in Sources */,
				6DE18A1523F300B00018C944 /* HighlightsTool.swift in Sources */,
				6DA974572402BC1B008BCDA8 /* ParameterListView.swift in Sources */,
				6DE18A1923F301360018C944 /* TiltShiftTool.swift in Sources */,
				6D1D490F23D7842F00ECACE5 /* MonochromeFilter.swift in Sources */,
				6D2E8A0423CA673A00917E25 /* TabBarItem.swift in Sources */,
				6D0C29C123C28CA5006E7C40 /* App.swift in Sources */,
				6DE189FF23F2DF130018C944 /* BrightTool.swift in Sources */,
				6D1D491F23D791EC00ECACE5 /* MonoFilter.swift in Sources */,
				6DDE026523C12A44002D7942 /* Filter.swift in Sources */,
				6D1D491723D78C4A00ECACE5 /* ProcessFilter.swift in Sources */,
				6DA0B27D23E71A1000D23CAD /* ToolsCollectionDataSource.swift in Sources */,
				6D1D491923D78DA600ECACE5 /* RetroFilter.swift in Sources */,
				6DE18A1123F300000018C944 /* ContrastTool.swift in Sources */,
				6DE18A1723F300EC0018C944 /* SaturationTool.swift in Sources */,
				6DE18A0523F2F8AE0018C944 /* SpeedUpTool.swift in Sources */,
				6D1D491523D78ADC00ECACE5 /* NoirFilter.swift in Sources */,
				6D19954623C7AA3C000A76B1 /* VideoEditer.swift in Sources */,
				6D17A7E123ABB39100C70542 /* AppDelegate.swift in Sources */,
				6DBA80D423ED931B005A585E /* LooksCollectionViewLayout.swift in Sources */,
				6DE18A0B23F2FAE40018C944 /* SharpenTool.swift in Sources */,
				6D8C283D23F5FC88008700C3 /* AdjustmentsViewController.swift in Sources */,
				6DD4192D23F9A77B005A2706 /* VideoViewController.swift in Sources */,
				6DA0B28023E71A8900D23CAD /* ToolsCollectionViewCell.swift in Sources */,
				6D1D491D23D7903C00ECACE5 /* VintageFilter.swift in Sources */,
				6D1D490B23D777F000ECACE5 /* BodyExportLabel.swift in Sources */,
				6D1D491323D788B800ECACE5 /* HalfToneFilter.swift in Sources */,
				6DEA248D23C2038B00D7595A /* ComicFilter.swift in Sources */,
				6DB6C14123C4E82C00E256A4 /* ClampFilter.swift in Sources */,
				6DE18A0323F2F8790018C944 /* TuneColorTool.swift in Sources */,
				6DB6C13D23C4D65D00E256A4 /* SharpAndWarmFilter.swift in Sources */,
				6D01E03823BFA3D600B558E8 /* LooksCollectionDataSource.swift in Sources */,
				6DB0698A23EE0EAE0088F4B7 /* LooksViewController.swift in Sources */,
				6DE18A0123F2F4C00018C944 /* CropTool.swift in Sources */,
				6DDE026323C11659002D7942 /* VideoView.swift in Sources */,
				6DB6C13F23C4D8A700E256A4 /* VignetteFilter.swift in Sources */,
				6DE18A0F23F2FC990018C944 /* ShadowsTool.swift in Sources */,
				6D17A7E323ABB39100C70542 /* SceneDelegate.swift in Sources */,
				6DE18A0D23F2FB180018C944 /* VignetteTool.swift in Sources */,
				6D1D491123D785FB00ECACE5 /* ColorInvertFilter.swift in Sources */,
				6D1D491B23D78EDA00ECACE5 /* TonalFilter.swift in Sources */,
				6DE18A0723F2F8D00018C944 /* SlowTool.swift in Sources */,
				6D17A7F523ABB6E000C70542 /* HomeViewController.swift in Sources */,
				6DE18A1323F300640018C944 /* FadeTool.swift in Sources */,
				6D05022623B9154100036D60 /* VideoEditorViewController.swift in Sources */,
				6D96B85323D090A300C1C6D5 /* ExportImageView.swift in Sources */,
				6D1D492123D793C500ECACE5 /* SepiaFilter.swift in Sources */,
				6D73068423D06BE300226C77 /* SaveCopyVideoButton.swift in Sources */,
				6DA0B27B23E719AC00D23CAD /* ToolsViewController.swift in Sources */,
				6D5EFEAB24269CE600FB5DC8 /* UILabel.swift in Sources */,
				6D8C284123F601A1008700C3 /* ImageAsset.swift in Sources */,
				6D01E03623BFA2F900B558E8 /* LooksCollectionViewCell.swift in Sources */,
				6D96B85823D0969E00C1C6D5 /* LooksViewButton.swift in Sources */,
				6DE18A1B23F301810018C944 /* WarmthTool.swift in Sources */,
				6D2E8A0323CA671A00917E25 /* TabBar.swift in Sources */,
				6DFF1AE023C3BEC7009BCAE2 /* OldFilmFilter.swift in Sources */,
				6D0C29C423C2A8C1006E7C40 /* AVAsset.swift in Sources */,
			);
			runOnlyForDeploymentPostprocessing = 0;
		};
		6D1D492423DB71EA00ECACE5 /* Sources */ = {
			isa = PBXSourcesBuildPhase;
			buildActionMask = 2147483647;
			files = (
				6D65B44423F044F00068F378 /* ToolsCollectionViewLayout.swift in Sources */,
				6D2E412D23F04B0000B499F0 /* LooksViewControllerTests.swift in Sources */,
				6D1D492B23DB71EA00ECACE5 /* LooksCollectionDataSourceTests.swift in Sources */,
				6D154AB023DC7A2A00150E0A /* Bundle.swift in Sources */,
				6D3ED56D24031C990072BC29 /* ParameterListViewTests.swift in Sources */,
				6DDFFB6B23E9D2CD00093675 /* ToolsCollectionDataSourceTests.swift in Sources */,
				6D8BB64023F5B23D00BDF601 /* ToolsViewControllerTests.swift in Sources */,
				6D65B44223F0403A0068F378 /* LookCollectionViewLayoutTests.swift in Sources */,
				6D154AB223DC817100150E0A /* TestHelpers.swift in Sources */,
				6DB988BA23F1E0FC00F5F684 /* VideoEditorViewControllerTests.swift in Sources */,
			);
			runOnlyForDeploymentPostprocessing = 0;
		};
		6D66486923EDF9A5002AAF2E /* Sources */ = {
			isa = PBXSourcesBuildPhase;
			buildActionMask = 2147483647;
			files = (
				6D66487A23EDFC9C002AAF2E /* LooksCollectionViewCellSnapshotTests.swift in Sources */,
				6D66487E23EDFD34002AAF2E /* Bundle.swift in Sources */,
				6D66487723EDFC9C002AAF2E /* WaitExtension.swift in Sources */,
				6DB0698C23EE11460088F4B7 /* LooksViewControllerSnapshotTests.swift in Sources */,
				6D66487823EDFC9C002AAF2E /* ToolsViewControllerSnapshotTests.swift in Sources */,
				6D66487C23EDFC9C002AAF2E /* VideoEditorViewControllerSnapshotTests.swift in Sources */,
				6DD4193023F9A7FF005A2706 /* VideoViewControllerSnapshotTests.swift in Sources */,
				6D66487B23EDFC9C002AAF2E /* ToolsCollectionViewCellSnapshotTests.swift in Sources */,
				6D3ED56A2403127C0072BC29 /* ParameterListViewSnapshotTests.swift in Sources */,
				6D66487923EDFC9C002AAF2E /* HomeViewControllerSnapshotTests.swift in Sources */,
				6D8C283C23F5FA8B008700C3 /* AdjustViewControllerSnapshotTests.swift in Sources */,
			);
			runOnlyForDeploymentPostprocessing = 0;
		};
/* End PBXSourcesBuildPhase section */

/* Begin PBXTargetDependency section */
		6D1D492E23DB71EA00ECACE5 /* PBXTargetDependency */ = {
			isa = PBXTargetDependency;
			target = 6D17A7DC23ABB39100C70542 /* Snapvideo */;
			targetProxy = 6D1D492D23DB71EA00ECACE5 /* PBXContainerItemProxy */;
		};
		6D66487323EDF9A5002AAF2E /* PBXTargetDependency */ = {
			isa = PBXTargetDependency;
			target = 6D17A7DC23ABB39100C70542 /* Snapvideo */;
			targetProxy = 6D66487223EDF9A5002AAF2E /* PBXContainerItemProxy */;
		};
/* End PBXTargetDependency section */

/* Begin PBXVariantGroup section */
		6D17A7EB23ABB39600C70542 /* LaunchScreen.storyboard */ = {
			isa = PBXVariantGroup;
			children = (
				6D17A7EC23ABB39600C70542 /* Base */,
			);
			name = LaunchScreen.storyboard;
			sourceTree = "<group>";
		};
/* End PBXVariantGroup section */

/* Begin XCBuildConfiguration section */
		6D17A7EF23ABB39600C70542 /* Debug */ = {
			isa = XCBuildConfiguration;
			buildSettings = {
				ALWAYS_SEARCH_USER_PATHS = NO;
				CLANG_ANALYZER_NONNULL = YES;
				CLANG_ANALYZER_NUMBER_OBJECT_CONVERSION = YES_AGGRESSIVE;
				CLANG_CXX_LANGUAGE_STANDARD = "gnu++14";
				CLANG_CXX_LIBRARY = "libc++";
				CLANG_ENABLE_MODULES = YES;
				CLANG_ENABLE_OBJC_ARC = YES;
				CLANG_ENABLE_OBJC_WEAK = YES;
				CLANG_WARN_BLOCK_CAPTURE_AUTORELEASING = YES;
				CLANG_WARN_BOOL_CONVERSION = YES;
				CLANG_WARN_COMMA = YES;
				CLANG_WARN_CONSTANT_CONVERSION = YES;
				CLANG_WARN_DEPRECATED_OBJC_IMPLEMENTATIONS = YES;
				CLANG_WARN_DIRECT_OBJC_ISA_USAGE = YES_ERROR;
				CLANG_WARN_DOCUMENTATION_COMMENTS = YES;
				CLANG_WARN_EMPTY_BODY = YES;
				CLANG_WARN_ENUM_CONVERSION = YES;
				CLANG_WARN_INFINITE_RECURSION = YES;
				CLANG_WARN_INT_CONVERSION = YES;
				CLANG_WARN_NON_LITERAL_NULL_CONVERSION = YES;
				CLANG_WARN_OBJC_IMPLICIT_RETAIN_SELF = YES;
				CLANG_WARN_OBJC_LITERAL_CONVERSION = YES;
				CLANG_WARN_OBJC_ROOT_CLASS = YES_ERROR;
				CLANG_WARN_RANGE_LOOP_ANALYSIS = YES;
				CLANG_WARN_STRICT_PROTOTYPES = YES;
				CLANG_WARN_SUSPICIOUS_MOVE = YES;
				CLANG_WARN_UNGUARDED_AVAILABILITY = YES_AGGRESSIVE;
				CLANG_WARN_UNREACHABLE_CODE = YES;
				CLANG_WARN__DUPLICATE_METHOD_MATCH = YES;
				COPY_PHASE_STRIP = NO;
				DEBUG_INFORMATION_FORMAT = dwarf;
				ENABLE_STRICT_OBJC_MSGSEND = YES;
				ENABLE_TESTABILITY = YES;
				GCC_C_LANGUAGE_STANDARD = gnu11;
				GCC_DYNAMIC_NO_PIC = NO;
				GCC_NO_COMMON_BLOCKS = YES;
				GCC_OPTIMIZATION_LEVEL = 0;
				GCC_PREPROCESSOR_DEFINITIONS = (
					"DEBUG=1",
					"$(inherited)",
				);
				GCC_WARN_64_TO_32_BIT_CONVERSION = YES;
				GCC_WARN_ABOUT_RETURN_TYPE = YES_ERROR;
				GCC_WARN_UNDECLARED_SELECTOR = YES;
				GCC_WARN_UNINITIALIZED_AUTOS = YES_AGGRESSIVE;
				GCC_WARN_UNUSED_FUNCTION = YES;
				GCC_WARN_UNUSED_VARIABLE = YES;
				IPHONEOS_DEPLOYMENT_TARGET = 13.2;
				MTL_ENABLE_DEBUG_INFO = INCLUDE_SOURCE;
				MTL_FAST_MATH = YES;
				ONLY_ACTIVE_ARCH = YES;
				SDKROOT = iphoneos;
				SWIFT_ACTIVE_COMPILATION_CONDITIONS = DEBUG;
				SWIFT_OPTIMIZATION_LEVEL = "-Onone";
			};
			name = Debug;
		};
		6D17A7F023ABB39600C70542 /* Release */ = {
			isa = XCBuildConfiguration;
			buildSettings = {
				ALWAYS_SEARCH_USER_PATHS = NO;
				CLANG_ANALYZER_NONNULL = YES;
				CLANG_ANALYZER_NUMBER_OBJECT_CONVERSION = YES_AGGRESSIVE;
				CLANG_CXX_LANGUAGE_STANDARD = "gnu++14";
				CLANG_CXX_LIBRARY = "libc++";
				CLANG_ENABLE_MODULES = YES;
				CLANG_ENABLE_OBJC_ARC = YES;
				CLANG_ENABLE_OBJC_WEAK = YES;
				CLANG_WARN_BLOCK_CAPTURE_AUTORELEASING = YES;
				CLANG_WARN_BOOL_CONVERSION = YES;
				CLANG_WARN_COMMA = YES;
				CLANG_WARN_CONSTANT_CONVERSION = YES;
				CLANG_WARN_DEPRECATED_OBJC_IMPLEMENTATIONS = YES;
				CLANG_WARN_DIRECT_OBJC_ISA_USAGE = YES_ERROR;
				CLANG_WARN_DOCUMENTATION_COMMENTS = YES;
				CLANG_WARN_EMPTY_BODY = YES;
				CLANG_WARN_ENUM_CONVERSION = YES;
				CLANG_WARN_INFINITE_RECURSION = YES;
				CLANG_WARN_INT_CONVERSION = YES;
				CLANG_WARN_NON_LITERAL_NULL_CONVERSION = YES;
				CLANG_WARN_OBJC_IMPLICIT_RETAIN_SELF = YES;
				CLANG_WARN_OBJC_LITERAL_CONVERSION = YES;
				CLANG_WARN_OBJC_ROOT_CLASS = YES_ERROR;
				CLANG_WARN_RANGE_LOOP_ANALYSIS = YES;
				CLANG_WARN_STRICT_PROTOTYPES = YES;
				CLANG_WARN_SUSPICIOUS_MOVE = YES;
				CLANG_WARN_UNGUARDED_AVAILABILITY = YES_AGGRESSIVE;
				CLANG_WARN_UNREACHABLE_CODE = YES;
				CLANG_WARN__DUPLICATE_METHOD_MATCH = YES;
				COPY_PHASE_STRIP = NO;
				DEBUG_INFORMATION_FORMAT = "dwarf-with-dsym";
				ENABLE_NS_ASSERTIONS = NO;
				ENABLE_STRICT_OBJC_MSGSEND = YES;
				GCC_C_LANGUAGE_STANDARD = gnu11;
				GCC_NO_COMMON_BLOCKS = YES;
				GCC_WARN_64_TO_32_BIT_CONVERSION = YES;
				GCC_WARN_ABOUT_RETURN_TYPE = YES_ERROR;
				GCC_WARN_UNDECLARED_SELECTOR = YES;
				GCC_WARN_UNINITIALIZED_AUTOS = YES_AGGRESSIVE;
				GCC_WARN_UNUSED_FUNCTION = YES;
				GCC_WARN_UNUSED_VARIABLE = YES;
				IPHONEOS_DEPLOYMENT_TARGET = 13.2;
				MTL_ENABLE_DEBUG_INFO = NO;
				MTL_FAST_MATH = YES;
				SDKROOT = iphoneos;
				SWIFT_COMPILATION_MODE = wholemodule;
				SWIFT_OPTIMIZATION_LEVEL = "-O";
				VALIDATE_PRODUCT = YES;
			};
			name = Release;
		};
		6D17A7F223ABB39600C70542 /* Debug */ = {
			isa = XCBuildConfiguration;
			buildSettings = {
				ASSETCATALOG_COMPILER_APPICON_NAME = AppIcon;
				CODE_SIGN_IDENTITY = "Apple Development";
				CODE_SIGN_STYLE = Automatic;
				DEVELOPMENT_TEAM = LFG8A6E922;
				INFOPLIST_FILE = Snapvideo/Info.plist;
				LD_RUNPATH_SEARCH_PATHS = (
					"$(inherited)",
					"@executable_path/Frameworks",
				);
				PRODUCT_BUNDLE_IDENTIFIER = com.petrova.anastasia.Snapvideo;
				PRODUCT_NAME = "$(TARGET_NAME)";
				PROVISIONING_PROFILE_SPECIFIER = "";
				SWIFT_VERSION = 5.0;
				TARGETED_DEVICE_FAMILY = "1,2";
			};
			name = Debug;
		};
		6D17A7F323ABB39600C70542 /* Release */ = {
			isa = XCBuildConfiguration;
			buildSettings = {
				ASSETCATALOG_COMPILER_APPICON_NAME = AppIcon;
				CODE_SIGN_IDENTITY = "Apple Development";
				CODE_SIGN_STYLE = Automatic;
				DEVELOPMENT_TEAM = LFG8A6E922;
				INFOPLIST_FILE = Snapvideo/Info.plist;
				LD_RUNPATH_SEARCH_PATHS = (
					"$(inherited)",
					"@executable_path/Frameworks",
				);
				PRODUCT_BUNDLE_IDENTIFIER = com.petrova.anastasia.Snapvideo;
				PRODUCT_NAME = "$(TARGET_NAME)";
				PROVISIONING_PROFILE_SPECIFIER = "";
				SWIFT_VERSION = 5.0;
				TARGETED_DEVICE_FAMILY = "1,2";
			};
			name = Release;
		};
		6D1D492F23DB71EA00ECACE5 /* Debug */ = {
			isa = XCBuildConfiguration;
			buildSettings = {
				BUNDLE_LOADER = "$(TEST_HOST)";
				CODE_SIGN_STYLE = Automatic;
				DEVELOPMENT_TEAM = "";
				INFOPLIST_FILE = UnitTests/Info.plist;
				LD_RUNPATH_SEARCH_PATHS = (
					"$(inherited)",
					"@executable_path/Frameworks",
					"@loader_path/Frameworks",
				);
				PRODUCT_BUNDLE_IDENTIFIER = com.petrova.anastasia.UnitTests;
				PRODUCT_NAME = "$(TARGET_NAME)";
				SWIFT_VERSION = 5.0;
				TARGETED_DEVICE_FAMILY = "1,2";
				TEST_HOST = "$(BUILT_PRODUCTS_DIR)/Snapvideo.app/Snapvideo";
			};
			name = Debug;
		};
		6D1D493023DB71EA00ECACE5 /* Release */ = {
			isa = XCBuildConfiguration;
			buildSettings = {
				BUNDLE_LOADER = "$(TEST_HOST)";
				CODE_SIGN_STYLE = Automatic;
				DEVELOPMENT_TEAM = "";
				INFOPLIST_FILE = UnitTests/Info.plist;
				LD_RUNPATH_SEARCH_PATHS = (
					"$(inherited)",
					"@executable_path/Frameworks",
					"@loader_path/Frameworks",
				);
				PRODUCT_BUNDLE_IDENTIFIER = com.petrova.anastasia.UnitTests;
				PRODUCT_NAME = "$(TARGET_NAME)";
				SWIFT_VERSION = 5.0;
				TARGETED_DEVICE_FAMILY = "1,2";
				TEST_HOST = "$(BUILT_PRODUCTS_DIR)/Snapvideo.app/Snapvideo";
			};
			name = Release;
		};
		6D66487423EDF9A5002AAF2E /* Debug */ = {
			isa = XCBuildConfiguration;
			buildSettings = {
				BUNDLE_LOADER = "$(TEST_HOST)";
				"CODE_SIGN_IDENTITY[sdk=macosx*]" = "Apple Development";
				CODE_SIGN_STYLE = Automatic;
				DEVELOPMENT_TEAM = "";
				INFOPLIST_FILE = SnapshotTests/Info.plist;
				LD_RUNPATH_SEARCH_PATHS = (
					"$(inherited)",
					"@executable_path/Frameworks",
					"@loader_path/Frameworks",
				);
				PRODUCT_BUNDLE_IDENTIFIER = com.petrova.anastasia.SnapshotTests;
				PRODUCT_NAME = "$(TARGET_NAME)";
				SWIFT_VERSION = 5.0;
				TARGETED_DEVICE_FAMILY = "1,2";
				TEST_HOST = "$(BUILT_PRODUCTS_DIR)/Snapvideo.app/Snapvideo";
			};
			name = Debug;
		};
		6D66487523EDF9A5002AAF2E /* Release */ = {
			isa = XCBuildConfiguration;
			buildSettings = {
				BUNDLE_LOADER = "$(TEST_HOST)";
				"CODE_SIGN_IDENTITY[sdk=macosx*]" = "Apple Development";
				CODE_SIGN_STYLE = Automatic;
				DEVELOPMENT_TEAM = "";
				INFOPLIST_FILE = SnapshotTests/Info.plist;
				LD_RUNPATH_SEARCH_PATHS = (
					"$(inherited)",
					"@executable_path/Frameworks",
					"@loader_path/Frameworks",
				);
				PRODUCT_BUNDLE_IDENTIFIER = com.petrova.anastasia.SnapshotTests;
				PRODUCT_NAME = "$(TARGET_NAME)";
				SWIFT_VERSION = 5.0;
				TARGETED_DEVICE_FAMILY = "1,2";
				TEST_HOST = "$(BUILT_PRODUCTS_DIR)/Snapvideo.app/Snapvideo";
			};
			name = Release;
		};
/* End XCBuildConfiguration section */

/* Begin XCConfigurationList section */
		6D17A7D823ABB39100C70542 /* Build configuration list for PBXProject "Snapvideo" */ = {
			isa = XCConfigurationList;
			buildConfigurations = (
				6D17A7EF23ABB39600C70542 /* Debug */,
				6D17A7F023ABB39600C70542 /* Release */,
			);
			defaultConfigurationIsVisible = 0;
			defaultConfigurationName = Release;
		};
		6D17A7F123ABB39600C70542 /* Build configuration list for PBXNativeTarget "Snapvideo" */ = {
			isa = XCConfigurationList;
			buildConfigurations = (
				6D17A7F223ABB39600C70542 /* Debug */,
				6D17A7F323ABB39600C70542 /* Release */,
			);
			defaultConfigurationIsVisible = 0;
			defaultConfigurationName = Release;
		};
		6D1D493123DB71EA00ECACE5 /* Build configuration list for PBXNativeTarget "UnitTests" */ = {
			isa = XCConfigurationList;
			buildConfigurations = (
				6D1D492F23DB71EA00ECACE5 /* Debug */,
				6D1D493023DB71EA00ECACE5 /* Release */,
			);
			defaultConfigurationIsVisible = 0;
			defaultConfigurationName = Release;
		};
		6D66487623EDF9A5002AAF2E /* Build configuration list for PBXNativeTarget "SnapshotTests" */ = {
			isa = XCConfigurationList;
			buildConfigurations = (
				6D66487423EDF9A5002AAF2E /* Debug */,
				6D66487523EDF9A5002AAF2E /* Release */,
			);
			defaultConfigurationIsVisible = 0;
			defaultConfigurationName = Release;
		};
/* End XCConfigurationList section */

/* Begin XCRemoteSwiftPackageReference section */
		6D66487F23EDFE7B002AAF2E /* XCRemoteSwiftPackageReference "swift-snapshot-testing" */ = {
			isa = XCRemoteSwiftPackageReference;
			repositoryURL = "https://github.com/pointfreeco/swift-snapshot-testing.git";
			requirement = {
				kind = upToNextMajorVersion;
				minimumVersion = 1.7.1;
			};
		};
/* End XCRemoteSwiftPackageReference section */

/* Begin XCSwiftPackageProductDependency section */
		6D66488023EDFE7B002AAF2E /* SnapshotTesting */ = {
			isa = XCSwiftPackageProductDependency;
			package = 6D66487F23EDFE7B002AAF2E /* XCRemoteSwiftPackageReference "swift-snapshot-testing" */;
			productName = SnapshotTesting;
		};
/* End XCSwiftPackageProductDependency section */
	};
	rootObject = 6D17A7D523ABB39100C70542 /* Project object */;
}
